
Microsoft Visual Studio Solution File, Format Version 12.00
# Visual Studio Version 16
VisualStudioVersion = 16.0.30804.86
MinimumVisualStudioVersion = 10.0.40219.1
Project("{8BC9CEB8-8B4A-11D0-8D11-00A0C91BC942}") = "1task", "1task\1task.vcxproj", "{94BE7F9C-E6D6-4702-AFE0-7A6929B55440}"
EndProject
Project("{8BC9CEB8-8B4A-11D0-8D11-00A0C91BC942}") = "2task", "2task\2task.vcxproj", "{D7025F11-7D58-4710-9617-8F8D1FA77B83}"
EndProject
Project("{8BC9CEB8-8B4A-11D0-8D11-00A0C91BC942}") = "temp", "temp\temp.vcxproj", "{242CF997-9294-46E9-BE90-79F308CD467E}"
EndProject
Project("{8BC9CEB8-8B4A-11D0-8D11-00A0C91BC942}") = "3task", "3task\3task.vcxproj", "{7F18E511-0351-491F-BD2D-D21077CC42C2}"
EndProject
Project("{8BC9CEB8-8B4A-11D0-8D11-00A0C91BC942}") = "4task_1", "4task\4task.vcxproj", "{2E691BE7-F5DF-4855-BA56-B8059CD1AD84}"
EndProject
Project("{8BC9CEB8-8B4A-11D0-8D11-00A0C91BC942}") = "4task_2", "4task_2\4task_2.vcxproj", "{AF45D495-0A43-49AC-9E43-758EF877431C}"
EndProject
Project("{8BC9CEB8-8B4A-11D0-8D11-00A0C91BC942}") = "5task_1", "5task_1\5task_1.vcxproj", "{58B4C989-DA8D-4A53-ABE1-B6180BFD9A16}"
EndProject
Global
	GlobalSection(SolutionConfigurationPlatforms) = preSolution
		Debug|x64 = Debug|x64
		Debug|x86 = Debug|x86
		Release|x64 = Release|x64
		Release|x86 = Release|x86
	EndGlobalSection
	GlobalSection(ProjectConfigurationPlatforms) = postSolution
		{94BE7F9C-E6D6-4702-AFE0-7A6929B55440}.Debug|x64.ActiveCfg = Debug|x64
		{94BE7F9C-E6D6-4702-AFE0-7A6929B55440}.Debug|x64.Build.0 = Debug|x64
		{94BE7F9C-E6D6-4702-AFE0-7A6929B55440}.Debug|x86.ActiveCfg = Debug|Win32
		{94BE7F9C-E6D6-4702-AFE0-7A6929B55440}.Debug|x86.Build.0 = Debug|Win32
		{94BE7F9C-E6D6-4702-AFE0-7A6929B55440}.Release|x64.ActiveCfg = Release|x64
		{94BE7F9C-E6D6-4702-AFE0-7A6929B55440}.Release|x64.Build.0 = Release|x64
		{94BE7F9C-E6D6-4702-AFE0-7A6929B55440}.Release|x86.ActiveCfg = Release|Win32
		{94BE7F9C-E6D6-4702-AFE0-7A6929B55440}.Release|x86.Build.0 = Release|Win32
		{D7025F11-7D58-4710-9617-8F8D1FA77B83}.Debug|x64.ActiveCfg = Debug|x64
		{D7025F11-7D58-4710-9617-8F8D1FA77B83}.Debug|x64.Build.0 = Debug|x64
		{D7025F11-7D58-4710-9617-8F8D1FA77B83}.Debug|x86.ActiveCfg = Debug|Win32
		{D7025F11-7D58-4710-9617-8F8D1FA77B83}.Debug|x86.Build.0 = Debug|Win32
		{D7025F11-7D58-4710-9617-8F8D1FA77B83}.Release|x64.ActiveCfg = Release|x64
		{D7025F11-7D58-4710-9617-8F8D1FA77B83}.Release|x64.Build.0 = Release|x64
		{D7025F11-7D58-4710-9617-8F8D1FA77B83}.Release|x86.ActiveCfg = Release|Win32
		{D7025F11-7D58-4710-9617-8F8D1FA77B83}.Release|x86.Build.0 = Release|Win32
		{242CF997-9294-46E9-BE90-79F308CD467E}.Debug|x64.ActiveCfg = Debug|x64
		{242CF997-9294-46E9-BE90-79F308CD467E}.Debug|x64.Build.0 = Debug|x64
		{242CF997-9294-46E9-BE90-79F308CD467E}.Debug|x86.ActiveCfg = Debug|Win32
		{242CF997-9294-46E9-BE90-79F308CD467E}.Debug|x86.Build.0 = Debug|Win32
		{242CF997-9294-46E9-BE90-79F308CD467E}.Release|x64.ActiveCfg = Release|x64
		{242CF997-9294-46E9-BE90-79F308CD467E}.Release|x64.Build.0 = Release|x64
		{242CF997-9294-46E9-BE90-79F308CD467E}.Release|x86.ActiveCfg = Release|Win32
		{242CF997-9294-46E9-BE90-79F308CD467E}.Release|x86.Build.0 = Release|Win32
		{7F18E511-0351-491F-BD2D-D21077CC42C2}.Debug|x64.ActiveCfg = Debug|x64
		{7F18E511-0351-491F-BD2D-D21077CC42C2}.Debug|x64.Build.0 = Debug|x64
		{7F18E511-0351-491F-BD2D-D21077CC42C2}.Debug|x86.ActiveCfg = Debug|Win32
		{7F18E511-0351-491F-BD2D-D21077CC42C2}.Debug|x86.Build.0 = Debug|Win32
		{7F18E511-0351-491F-BD2D-D21077CC42C2}.Release|x64.ActiveCfg = Release|x64
		{7F18E511-0351-491F-BD2D-D21077CC42C2}.Release|x64.Build.0 = Release|x64
		{7F18E511-0351-491F-BD2D-D21077CC42C2}.Release|x86.ActiveCfg = Release|Win32
		{7F18E511-0351-491F-BD2D-D21077CC42C2}.Release|x86.Build.0 = Release|Win32
		{2E691BE7-F5DF-4855-BA56-B8059CD1AD84}.Debug|x64.ActiveCfg = Debug|x64
		{2E691BE7-F5DF-4855-BA56-B8059CD1AD84}.Debug|x64.Build.0 = Debug|x64
		{2E691BE7-F5DF-4855-BA56-B8059CD1AD84}.Debug|x86.ActiveCfg = Debug|Win32
		{2E691BE7-F5DF-4855-BA56-B8059CD1AD84}.Debug|x86.Build.0 = Debug|Win32
		{2E691BE7-F5DF-4855-BA56-B8059CD1AD84}.Release|x64.ActiveCfg = Release|x64
		{2E691BE7-F5DF-4855-BA56-B8059CD1AD84}.Release|x64.Build.0 = Release|x64
		{2E691BE7-F5DF-4855-BA56-B8059CD1AD84}.Release|x86.ActiveCfg = Release|Win32
		{2E691BE7-F5DF-4855-BA56-B8059CD1AD84}.Release|x86.Build.0 = Release|Win32
		{AF45D495-0A43-49AC-9E43-758EF877431C}.Debug|x64.ActiveCfg = Debug|x64
		{AF45D495-0A43-49AC-9E43-758EF877431C}.Debug|x64.Build.0 = Debug|x64
		{AF45D495-0A43-49AC-9E43-758EF877431C}.Debug|x86.ActiveCfg = Debug|Win32
		{AF45D495-0A43-49AC-9E43-758EF877431C}.Debug|x86.Build.0 = Debug|Win32
		{AF45D495-0A43-49AC-9E43-758EF877431C}.Release|x64.ActiveCfg = Release|x64
		{AF45D495-0A43-49AC-9E43-758EF877431C}.Release|x64.Build.0 = Release|x64
		{AF45D495-0A43-49AC-9E43-758EF877431C}.Release|x86.ActiveCfg = Release|Win32
		{AF45D495-0A43-49AC-9E43-758EF877431C}.Release|x86.Build.0 = Release|Win32
		{58B4C989-DA8D-4A53-ABE1-B6180BFD9A16}.Debug|x64.ActiveCfg = Debug|x64
		{58B4C989-DA8D-4A53-ABE1-B6180BFD9A16}.Debug|x64.Build.0 = Debug|x64
		{58B4C989-DA8D-4A53-ABE1-B6180BFD9A16}.Debug|x86.ActiveCfg = Debug|Win32
		{58B4C989-DA8D-4A53-ABE1-B6180BFD9A16}.Debug|x86.Build.0 = Debug|Win32
		{58B4C989-DA8D-4A53-ABE1-B6180BFD9A16}.Release|x64.ActiveCfg = Release|x64
		{58B4C989-DA8D-4A53-ABE1-B6180BFD9A16}.Release|x64.Build.0 = Release|x64
		{58B4C989-DA8D-4A53-ABE1-B6180BFD9A16}.Release|x86.ActiveCfg = Release|Win32
		{58B4C989-DA8D-4A53-ABE1-B6180BFD9A16}.Release|x86.Build.0 = Release|Win32
	EndGlobalSection
	GlobalSection(SolutionProperties) = preSolution
		HideSolutionNode = FALSE
	EndGlobalSection
	GlobalSection(ExtensibilityGlobals) = postSolution
		SolutionGuid = {A633DE27-3DD0-44DD-936B-B2DCB9BD27EF}
	EndGlobalSection
EndGlobal
